// !$*UTF8*$!
{
	archiveVersion = 1;
	classes = {
	};
	objectVersion = 46;
	objects = {

/* Begin PBXBuildFile section */
		6DA6709B1DB54550008BB50C /* AppDelegate.swift in Sources */ = {isa = PBXBuildFile; fileRef = 6DA6709A1DB54550008BB50C /* AppDelegate.swift */; };
		6DA6709D1DB54550008BB50C /* ViewController.swift in Sources */ = {isa = PBXBuildFile; fileRef = 6DA6709C1DB54550008BB50C /* ViewController.swift */; };
		6DA670A01DB54550008BB50C /* Main.storyboard in Resources */ = {isa = PBXBuildFile; fileRef = 6DA6709E1DB54550008BB50C /* Main.storyboard */; };
		6DA670A21DB54550008BB50C /* Assets.xcassets in Resources */ = {isa = PBXBuildFile; fileRef = 6DA670A11DB54550008BB50C /* Assets.xcassets */; };
		6DA670A51DB54550008BB50C /* LaunchScreen.storyboard in Resources */ = {isa = PBXBuildFile; fileRef = 6DA670A31DB54550008BB50C /* LaunchScreen.storyboard */; };
		6DA670AD1DB5457F008BB50C /* GoogleService-Info.plist in Resources */ = {isa = PBXBuildFile; fileRef = 6DA670AC1DB5457F008BB50C /* GoogleService-Info.plist */; };
		6DA670AF1DB55587008BB50C /* SignInViewController.swift in Sources */ = {isa = PBXBuildFile; fileRef = 6DA670AE1DB55587008BB50C /* SignInViewController.swift */; };
		6DA670B21DB592D4008BB50C /* SnapsViewController.swift in Sources */ = {isa = PBXBuildFile; fileRef = 6DA670B11DB592D4008BB50C /* SnapsViewController.swift */; };
		6DA670B41DB67DC1008BB50C /* PictureViewController.swift in Sources */ = {isa = PBXBuildFile; fileRef = 6DA670B31DB67DC1008BB50C /* PictureViewController.swift */; };
		6DA670B61DB6B8D3008BB50C /* SelectUserViewController.swift in Sources */ = {isa = PBXBuildFile; fileRef = 6DA670B51DB6B8D3008BB50C /* SelectUserViewController.swift */; };
		6DA670B81DB6D988008BB50C /* User.swift in Sources */ = {isa = PBXBuildFile; fileRef = 6DA670B71DB6D988008BB50C /* User.swift */; };
		F71781292EE45BA4E96860DC /* Pods_SnapChat.framework in Frameworks */ = {isa = PBXBuildFile; fileRef = 4E5EB29AC1557448A78DFE53 /* Pods_SnapChat.framework */; };
/* End PBXBuildFile section */

/* Begin PBXFileReference section */
		1247F54E68B983A0C941D66B /* Pods-SnapChat.release.xcconfig */ = {isa = PBXFileReference; includeInIndex = 1; lastKnownFileType = text.xcconfig; name = "Pods-SnapChat.release.xcconfig"; path = "Pods/Target Support Files/Pods-SnapChat/Pods-SnapChat.release.xcconfig"; sourceTree = "<group>"; };
		4E5EB29AC1557448A78DFE53 /* Pods_SnapChat.framework */ = {isa = PBXFileReference; explicitFileType = wrapper.framework; includeInIndex = 0; path = Pods_SnapChat.framework; sourceTree = BUILT_PRODUCTS_DIR; };
		6DA670971DB54550008BB50C /* SnapChat.app */ = {isa = PBXFileReference; explicitFileType = wrapper.application; includeInIndex = 0; path = SnapChat.app; sourceTree = BUILT_PRODUCTS_DIR; };
		6DA6709A1DB54550008BB50C /* AppDelegate.swift */ = {isa = PBXFileReference; lastKnownFileType = sourcecode.swift; path = AppDelegate.swift; sourceTree = "<group>"; };
		6DA6709C1DB54550008BB50C /* ViewController.swift */ = {isa = PBXFileReference; lastKnownFileType = sourcecode.swift; path = ViewController.swift; sourceTree = "<group>"; };
		6DA6709F1DB54550008BB50C /* Base */ = {isa = PBXFileReference; lastKnownFileType = file.storyboard; name = Base; path = Base.lproj/Main.storyboard; sourceTree = "<group>"; };
		6DA670A11DB54550008BB50C /* Assets.xcassets */ = {isa = PBXFileReference; lastKnownFileType = folder.assetcatalog; path = Assets.xcassets; sourceTree = "<group>"; };
		6DA670A41DB54550008BB50C /* Base */ = {isa = PBXFileReference; lastKnownFileType = file.storyboard; name = Base; path = Base.lproj/LaunchScreen.storyboard; sourceTree = "<group>"; };
		6DA670A61DB54550008BB50C /* Info.plist */ = {isa = PBXFileReference; lastKnownFileType = text.plist.xml; path = Info.plist; sourceTree = "<group>"; };
		6DA670AC1DB5457F008BB50C /* GoogleService-Info.plist */ = {isa = PBXFileReference; fileEncoding = 4; lastKnownFileType = text.plist.xml; path = "GoogleService-Info.plist"; sourceTree = "<group>"; };
		6DA670AE1DB55587008BB50C /* SignInViewController.swift */ = {isa = PBXFileReference; fileEncoding = 4; lastKnownFileType = sourcecode.swift; path = SignInViewController.swift; sourceTree = "<group>"; };
		6DA670B01DB58836008BB50C /* SnapChat.entitlements */ = {isa = PBXFileReference; lastKnownFileType = text.plist.entitlements; path = SnapChat.entitlements; sourceTree = "<group>"; };
		6DA670B11DB592D4008BB50C /* SnapsViewController.swift */ = {isa = PBXFileReference; fileEncoding = 4; lastKnownFileType = sourcecode.swift; path = SnapsViewController.swift; sourceTree = "<group>"; };
		6DA670B31DB67DC1008BB50C /* PictureViewController.swift */ = {isa = PBXFileReference; fileEncoding = 4; lastKnownFileType = sourcecode.swift; path = PictureViewController.swift; sourceTree = "<group>"; };
		6DA670B51DB6B8D3008BB50C /* SelectUserViewController.swift */ = {isa = PBXFileReference; fileEncoding = 4; lastKnownFileType = sourcecode.swift; path = SelectUserViewController.swift; sourceTree = "<group>"; };
		6DA670B71DB6D988008BB50C /* User.swift */ = {isa = PBXFileReference; fileEncoding = 4; lastKnownFileType = sourcecode.swift; path = User.swift; sourceTree = "<group>"; };
		9A011CFCBCF7D56670550C4A /* Pods-SnapChat.debug.xcconfig */ = {isa = PBXFileReference; includeInIndex = 1; lastKnownFileType = text.xcconfig; name = "Pods-SnapChat.debug.xcconfig"; path = "Pods/Target Support Files/Pods-SnapChat/Pods-SnapChat.debug.xcconfig"; sourceTree = "<group>"; };
/* End PBXFileReference section */

/* Begin PBXFrameworksBuildPhase section */
		6DA670941DB54550008BB50C /* Frameworks */ = {
			isa = PBXFrameworksBuildPhase;
			buildActionMask = 2147483647;
			files = (
				F71781292EE45BA4E96860DC /* Pods_SnapChat.framework in Frameworks */,
			);
			runOnlyForDeploymentPostprocessing = 0;
		};
/* End PBXFrameworksBuildPhase section */

/* Begin PBXGroup section */
		48529A3CABB0A9026E385BFB /* Pods */ = {
			isa = PBXGroup;
			children = (
				9A011CFCBCF7D56670550C4A /* Pods-SnapChat.debug.xcconfig */,
				1247F54E68B983A0C941D66B /* Pods-SnapChat.release.xcconfig */,
			);
			name = Pods;
			sourceTree = "<group>";
		};
		6DA6708E1DB54550008BB50C = {
			isa = PBXGroup;
			children = (
				6DA670991DB54550008BB50C /* SnapChat */,
				6DA670981DB54550008BB50C /* Products */,
				48529A3CABB0A9026E385BFB /* Pods */,
				C24BC594E76C50CE14A911D2 /* Frameworks */,
			);
			sourceTree = "<group>";
		};
		6DA670981DB54550008BB50C /* Products */ = {
			isa = PBXGroup;
			children = (
				6DA670971DB54550008BB50C /* SnapChat.app */,
			);
			name = Products;
			sourceTree = "<group>";
		};
		6DA670991DB54550008BB50C /* SnapChat */ = {
			isa = PBXGroup;
			children = (
				6DA670B91DB6D9BE008BB50C /* ViewControllers */,
				6DA670BA1DB6DA00008BB50C /* Models */,
				6DA670B01DB58836008BB50C /* SnapChat.entitlements */,
				6DA6709A1DB54550008BB50C /* AppDelegate.swift */,
				6DA6709E1DB54550008BB50C /* Main.storyboard */,
				6DA670A11DB54550008BB50C /* Assets.xcassets */,
				6DA670A31DB54550008BB50C /* LaunchScreen.storyboard */,
				6DA670A61DB54550008BB50C /* Info.plist */,
				6DA670AC1DB5457F008BB50C /* GoogleService-Info.plist */,
			);
			path = SnapChat;
			sourceTree = "<group>";
		};
		6DA670B91DB6D9BE008BB50C /* ViewControllers */ = {
			isa = PBXGroup;
			children = (
				6DA6709C1DB54550008BB50C /* ViewController.swift */,
				6DA670AE1DB55587008BB50C /* SignInViewController.swift */,
				6DA670B11DB592D4008BB50C /* SnapsViewController.swift */,
				6DA670B31DB67DC1008BB50C /* PictureViewController.swift */,
				6DA670B51DB6B8D3008BB50C /* SelectUserViewController.swift */,
			);
			name = ViewControllers;
			sourceTree = "<group>";
		};
		6DA670BA1DB6DA00008BB50C /* Models */ = {
			isa = PBXGroup;
			children = (
				6DA670B71DB6D988008BB50C /* User.swift */,
			);
			name = Models;
			sourceTree = "<group>";
		};
		C24BC594E76C50CE14A911D2 /* Frameworks */ = {
			isa = PBXGroup;
			children = (
				4E5EB29AC1557448A78DFE53 /* Pods_SnapChat.framework */,
			);
			name = Frameworks;
			sourceTree = "<group>";
		};
/* End PBXGroup section */

/* Begin PBXNativeTarget section */
		6DA670961DB54550008BB50C /* SnapChat */ = {
			isa = PBXNativeTarget;
			buildConfigurationList = 6DA670A91DB54550008BB50C /* Build configuration list for PBXNativeTarget "SnapChat" */;
			buildPhases = (
				E7302122AEBF225FCEDBB63A /* [CP] Check Pods Manifest.lock */,
				6DA670931DB54550008BB50C /* Sources */,
				6DA670941DB54550008BB50C /* Frameworks */,
				6DA670951DB54550008BB50C /* Resources */,
				5BF9D3B20011DB6E548EAECD /* [CP] Embed Pods Frameworks */,
				B09FD1676CEE807734E84638 /* [CP] Copy Pods Resources */,
			);
			buildRules = (
			);
			dependencies = (
			);
			name = SnapChat;
			productName = SnapChat;
			productReference = 6DA670971DB54550008BB50C /* SnapChat.app */;
			productType = "com.apple.product-type.application";
		};
/* End PBXNativeTarget section */

/* Begin PBXProject section */
		6DA6708F1DB54550008BB50C /* Project object */ = {
			isa = PBXProject;
			attributes = {
				LastSwiftUpdateCheck = 0800;
				LastUpgradeCheck = 0800;
				ORGANIZATIONNAME = "Mark Langlois";
				TargetAttributes = {
					6DA670961DB54550008BB50C = {
						CreatedOnToolsVersion = 8.0;
						DevelopmentTeam = K2M333HB95;
						ProvisioningStyle = Automatic;
						SystemCapabilities = {
							com.apple.Keychain = {
								enabled = 1;
							};
						};
					};
				};
			};
			buildConfigurationList = 6DA670921DB54550008BB50C /* Build configuration list for PBXProject "SnapChat" */;
			compatibilityVersion = "Xcode 3.2";
			developmentRegion = English;
			hasScannedForEncodings = 0;
			knownRegions = (
				en,
				Base,
			);
			mainGroup = 6DA6708E1DB54550008BB50C;
			productRefGroup = 6DA670981DB54550008BB50C /* Products */;
			projectDirPath = "";
			projectRoot = "";
			targets = (
				6DA670961DB54550008BB50C /* SnapChat */,
			);
		};
/* End PBXProject section */

/* Begin PBXResourcesBuildPhase section */
		6DA670951DB54550008BB50C /* Resources */ = {
			isa = PBXResourcesBuildPhase;
			buildActionMask = 2147483647;
			files = (
				6DA670A51DB54550008BB50C /* LaunchScreen.storyboard in Resources */,
				6DA670A21DB54550008BB50C /* Assets.xcassets in Resources */,
				6DA670AD1DB5457F008BB50C /* GoogleService-Info.plist in Resources */,
				6DA670A01DB54550008BB50C /* Main.storyboard in Resources */,
			);
			runOnlyForDeploymentPostprocessing = 0;
		};
/* End PBXResourcesBuildPhase section */

/* Begin PBXShellScriptBuildPhase section */
		5BF9D3B20011DB6E548EAECD /* [CP] Embed Pods Frameworks */ = {
			isa = PBXShellScriptBuildPhase;
			buildActionMask = 2147483647;
			files = (
			);
			inputPaths = (
			);
			name = "[CP] Embed Pods Frameworks";
			outputPaths = (
			);
			runOnlyForDeploymentPostprocessing = 0;
			shellPath = /bin/sh;
			shellScript = "\"${SRCROOT}/Pods/Target Support Files/Pods-SnapChat/Pods-SnapChat-frameworks.sh\"\n";
			showEnvVarsInLog = 0;
		};
		B09FD1676CEE807734E84638 /* [CP] Copy Pods Resources */ = {
			isa = PBXShellScriptBuildPhase;
			buildActionMask = 2147483647;
			files = (
			);
			inputPaths = (
			);
			name = "[CP] Copy Pods Resources";
			outputPaths = (
			);
			runOnlyForDeploymentPostprocessing = 0;
			shellPath = /bin/sh;
			shellScript = "\"${SRCROOT}/Pods/Target Support Files/Pods-SnapChat/Pods-SnapChat-resources.sh\"\n";
			showEnvVarsInLog = 0;
		};
		E7302122AEBF225FCEDBB63A /* [CP] Check Pods Manifest.lock */ = {
			isa = PBXShellScriptBuildPhase;
			buildActionMask = 2147483647;
			files = (
			);
			inputPaths = (
			);
			name = "[CP] Check Pods Manifest.lock";
			outputPaths = (
			);
			runOnlyForDeploymentPostprocessing = 0;
			shellPath = /bin/sh;
			shellScript = "diff \"${PODS_ROOT}/../Podfile.lock\" \"${PODS_ROOT}/Manifest.lock\" > /dev/null\nif [[ $? != 0 ]] ; then\n    cat << EOM\nerror: The sandbox is not in sync with the Podfile.lock. Run 'pod install' or update your CocoaPods installation.\nEOM\n    exit 1\nfi\n";
			showEnvVarsInLog = 0;
		};
/* End PBXShellScriptBuildPhase section */

/* Begin PBXSourcesBuildPhase section */
		6DA670931DB54550008BB50C /* Sources */ = {
			isa = PBXSourcesBuildPhase;
			buildActionMask = 2147483647;
			files = (
				6DA670B21DB592D4008BB50C /* SnapsViewController.swift in Sources */,
				6DA6709D1DB54550008BB50C /* ViewController.swift in Sources */,
				6DA6709B1DB54550008BB50C /* AppDelegate.swift in Sources */,
				6DA670B61DB6B8D3008BB50C /* SelectUserViewController.swift in Sources */,
				6DA670AF1DB55587008BB50C /* SignInViewController.swift in Sources */,
				6DA670B41DB67DC1008BB50C /* PictureViewController.swift in Sources */,
				6DA670B81DB6D988008BB50C /* User.swift in Sources */,
			);
			runOnlyForDeploymentPostprocessing = 0;
		};
/* End PBXSourcesBuildPhase section */

/* Begin PBXVariantGroup section */
		6DA6709E1DB54550008BB50C /* Main.storyboard */ = {
			isa = PBXVariantGroup;
			children = (
				6DA6709F1DB54550008BB50C /* Base */,
			);
			name = Main.storyboard;
			sourceTree = "<group>";
		};
		6DA670A31DB54550008BB50C /* LaunchScreen.storyboard */ = {
			isa = PBXVariantGroup;
			children = (
				6DA670A41DB54550008BB50C /* Base */,
			);
			name = LaunchScreen.storyboard;
			sourceTree = "<group>";
		};
/* End PBXVariantGroup section */

/* Begin XCBuildConfiguration section */
		6DA670A71DB54550008BB50C /* Debug */ = {
			isa = XCBuildConfiguration;
			buildSettings = {
				ALWAYS_SEARCH_USER_PATHS = NO;
				CLANG_ANALYZER_NONNULL = YES;
				CLANG_CXX_LANGUAGE_STANDARD = "gnu++0x";
				CLANG_CXX_LIBRARY = "libc++";
				CLANG_ENABLE_MODULES = YES;
				CLANG_ENABLE_OBJC_ARC = YES;
				CLANG_WARN_BOOL_CONVERSION = YES;
				CLANG_WARN_CONSTANT_CONVERSION = YES;
				CLANG_WARN_DIRECT_OBJC_ISA_USAGE = YES_ERROR;
				CLANG_WARN_DOCUMENTATION_COMMENTS = YES;
				CLANG_WARN_EMPTY_BODY = YES;
				CLANG_WARN_ENUM_CONVERSION = YES;
				CLANG_WARN_INFINITE_RECURSION = YES;
				CLANG_WARN_INT_CONVERSION = YES;
				CLANG_WARN_OBJC_ROOT_CLASS = YES_ERROR;
				CLANG_WARN_SUSPICIOUS_MOVES = YES;
				CLANG_WARN_UNREACHABLE_CODE = YES;
				CLANG_WARN__DUPLICATE_METHOD_MATCH = YES;
				"CODE_SIGN_IDENTITY[sdk=iphoneos*]" = "iPhone Developer";
				COPY_PHASE_STRIP = NO;
				DEBUG_INFORMATION_FORMAT = dwarf;
				ENABLE_STRICT_OBJC_MSGSEND = YES;
				ENABLE_TESTABILITY = YES;
				GCC_C_LANGUAGE_STANDARD = gnu99;
				GCC_DYNAMIC_NO_PIC = NO;
				GCC_NO_COMMON_BLOCKS = YES;
				GCC_OPTIMIZATION_LEVEL = 0;
				GCC_PREPROCESSOR_DEFINITIONS = (
					"DEBUG=1",
					"$(inherited)",
				);
				GCC_WARN_64_TO_32_BIT_CONVERSION = YES;
				GCC_WARN_ABOUT_RETURN_TYPE = YES_ERROR;
				GCC_WARN_UNDECLARED_SELECTOR = YES;
				GCC_WARN_UNINITIALIZED_AUTOS = YES_AGGRESSIVE;
				GCC_WARN_UNUSED_FUNCTION = YES;
				GCC_WARN_UNUSED_VARIABLE = YES;
				IPHONEOS_DEPLOYMENT_TARGET = 10.0;
				MTL_ENABLE_DEBUG_INFO = YES;
				ONLY_ACTIVE_ARCH = YES;
				SDKROOT = iphoneos;
				SWIFT_ACTIVE_COMPILATION_CONDITIONS = DEBUG;
				SWIFT_OPTIMIZATION_LEVEL = "-Onone";
				TARGETED_DEVICE_FAMILY = "1,2";
			};
			name = Debug;
		};
		6DA670A81DB54550008BB50C /* Release */ = {
			isa = XCBuildConfiguration;
			buildSettings = {
				ALWAYS_SEARCH_USER_PATHS = NO;
				CLANG_ANALYZER_NONNULL = YES;
				CLANG_CXX_LANGUAGE_STANDARD = "gnu++0x";
				CLANG_CXX_LIBRARY = "libc++";
				CLANG_ENABLE_MODULES = YES;
				CLANG_ENABLE_OBJC_ARC = YES;
				CLANG_WARN_BOOL_CONVERSION = YES;
				CLANG_WARN_CONSTANT_CONVERSION = YES;
				CLANG_WARN_DIRECT_OBJC_ISA_USAGE = YES_ERROR;
				CLANG_WARN_DOCUMENTATION_COMMENTS = YES;
				CLANG_WARN_EMPTY_BODY = YES;
				CLANG_WARN_ENUM_CONVERSION = YES;
				CLANG_WARN_INFINITE_RECURSION = YES;
				CLANG_WARN_INT_CONVERSION = YES;
				CLANG_WARN_OBJC_ROOT_CLASS = YES_ERROR;
				CLANG_WARN_SUSPICIOUS_MOVES = YES;
				CLANG_WARN_UNREACHABLE_CODE = YES;
				CLANG_WARN__DUPLICATE_METHOD_MATCH = YES;
				"CODE_SIGN_IDENTITY[sdk=iphoneos*]" = "iPhone Developer";
				COPY_PHASE_STRIP = NO;
				DEBUG_INFORMATION_FORMAT = "dwarf-with-dsym";
				ENABLE_NS_ASSERTIONS = NO;
				ENABLE_STRICT_OBJC_MSGSEND = YES;
				GCC_C_LANGUAGE_STANDARD = gnu99;
				GCC_NO_COMMON_BLOCKS = YES;
				GCC_WARN_64_TO_32_BIT_CONVERSION = YES;
				GCC_WARN_ABOUT_RETURN_TYPE = YES_ERROR;
				GCC_WARN_UNDECLARED_SELECTOR = YES;
				GCC_WARN_UNINITIALIZED_AUTOS = YES_AGGRESSIVE;
				GCC_WARN_UNUSED_FUNCTION = YES;
				GCC_WARN_UNUSED_VARIABLE = YES;
				IPHONEOS_DEPLOYMENT_TARGET = 10.0;
				MTL_ENABLE_DEBUG_INFO = NO;
				SDKROOT = iphoneos;
				SWIFT_OPTIMIZATION_LEVEL = "-Owholemodule";
				TARGETED_DEVICE_FAMILY = "1,2";
				VALIDATE_PRODUCT = YES;
			};
			name = Release;
		};
		6DA670AA1DB54550008BB50C /* Debug */ = {
			isa = XCBuildConfiguration;
			baseConfigurationReference = 9A011CFCBCF7D56670550C4A /* Pods-SnapChat.debug.xcconfig */;
			buildSettings = {
				ASSETCATALOG_COMPILER_APPICON_NAME = AppIcon;
				CODE_SIGN_ENTITLEMENTS = SnapChat/SnapChat.entitlements;
				DEVELOPMENT_TEAM = K2M333HB95;
				INFOPLIST_FILE = SnapChat/Info.plist;
				LD_RUNPATH_SEARCH_PATHS = "$(inherited) @executable_path/Frameworks";
				PRODUCT_BUNDLE_IDENTIFIER = com.boldtypemedia.SnapChat;
				PRODUCT_NAME = "$(TARGET_NAME)";
				SWIFT_VERSION = 3.0;
			};
			name = Debug;
		};
		6DA670AB1DB54550008BB50C /* Release */ = {
			isa = XCBuildConfiguration;
			baseConfigurationReference = 1247F54E68B983A0C941D66B /* Pods-SnapChat.release.xcconfig */;
			buildSettings = {
				ASSETCATALOG_COMPILER_APPICON_NAME = AppIcon;
				CODE_SIGN_ENTITLEMENTS = SnapChat/SnapChat.entitlements;
				DEVELOPMENT_TEAM = K2M333HB95;
				INFOPLIST_FILE = SnapChat/Info.plist;
				LD_RUNPATH_SEARCH_PATHS = "$(inherited) @executable_path/Frameworks";
				PRODUCT_BUNDLE_IDENTIFIER = com.boldtypemedia.SnapChat;
				PRODUCT_NAME = "$(TARGET_NAME)";
				SWIFT_VERSION = 3.0;
			};
			name = Release;
		};
/* End XCBuildConfiguration section */

/* Begin XCConfigurationList section */
		6DA670921DB54550008BB50C /* Build configuration list for PBXProject "SnapChat" */ = {
			isa = XCConfigurationList;
			buildConfigurations = (
				6DA670A71DB54550008BB50C /* Debug */,
				6DA670A81DB54550008BB50C /* Release */,
			);
			defaultConfigurationIsVisible = 0;
			defaultConfigurationName = Release;
		};
		6DA670A91DB54550008BB50C /* Build configuration list for PBXNativeTarget "SnapChat" */ = {
			isa = XCConfigurationList;
			buildConfigurations = (
				6DA670AA1DB54550008BB50C /* Debug */,
				6DA670AB1DB54550008BB50C /* Release */,
			);
			defaultConfigurationIsVisible = 0;
			defaultConfigurationName = Release;
		};
/* End XCConfigurationList section */
	};
	rootObject = 6DA6708F1DB54550008BB50C /* Project object */;
}
